
Microsoft Visual Studio Solution File, Format Version 12.00
# Visual Studio Version 17
VisualStudioVersion = 17.5.002.0
MinimumVisualStudioVersion = 10.0.40219.1
Project("{9A19103F-16F7-4668-BE54-9A1E7A4F7556}") = "Basics", "Basics\Basics.csproj", "{52C2C0F1-7B41-42DE-8F9F-1A87B0E8DB48}"
EndProject
Project("{9A19103F-16F7-4668-BE54-9A1E7A4F7556}") = "CourseApp", "CourseApp\CourseApp.csproj", "{11EB004D-CE5B-4688-8B02-951996883A4E}"
EndProject
Global
	GlobalSection(SolutionConfigurationPlatforms) = preSolution
		Debug|Any CPU = Debug|Any CPU
		Release|Any CPU = Release|Any CPU
	EndGlobalSection
	GlobalSection(ProjectConfigurationPlatforms) = postSolution
		{52C2C0F1-7B41-42DE-8F9F-1A87B0E8DB48}.Debug|Any CPU.ActiveCfg = Debug|Any CPU
		{52C2C0F1-7B41-42DE-8F9F-1A87B0E8DB48}.Debug|Any CPU.Build.0 = Debug|Any CPU
		{52C2C0F1-7B41-42DE-8F9F-1A87B0E8DB48}.Release|Any CPU.ActiveCfg = Release|Any CPU
		{52C2C0F1-7B41-42DE-8F9F-1A87B0E8DB48}.Release|Any CPU.Build.0 = Release|Any CPU
		{11EB004D-CE5B-4688-8B02-951996883A4E}.Debug|Any CPU.ActiveCfg = Debug|Any CPU
		{11EB004D-CE5B-4688-8B02-951996883A4E}.Debug|Any CPU.Build.0 = Debug|Any CPU
		{11EB004D-CE5B-4688-8B02-951996883A4E}.Release|Any CPU.ActiveCfg = Release|Any CPU
		{11EB004D-CE5B-4688-8B02-951996883A4E}.Release|Any CPU.Build.0 = Release|Any CPU
	EndGlobalSection
	GlobalSection(SolutionProperties) = preSolution
		HideSolutionNode = FALSE
	EndGlobalSection
	GlobalSection(ExtensibilityGlobals) = postSolution
		SolutionGuid = {B8402A43-131C-4BC9-AAB8-18950E3E39F4}
	EndGlobalSection
EndGlobal
