
Microsoft Visual Studio Solution File, Format Version 12.00
# Visual Studio Version 17
VisualStudioVersion = 17.5.002.0
MinimumVisualStudioVersion = 10.0.40219.1
Project("{9A19103F-16F7-4668-BE54-9A1E7A4F7556}") = "CourseApp", "CourseApp.csproj", "{C8DD6E9E-DF96-4672-9C68-11910B09DCE9}"
EndProject
Global
	GlobalSection(SolutionConfigurationPlatforms) = preSolution
		Debug|Any CPU = Debug|Any CPU
		Release|Any CPU = Release|Any CPU
	EndGlobalSection
	GlobalSection(ProjectConfigurationPlatforms) = postSolution
		{C8DD6E9E-DF96-4672-9C68-11910B09DCE9}.Debug|Any CPU.ActiveCfg = Debug|Any CPU
		{C8DD6E9E-DF96-4672-9C68-11910B09DCE9}.Debug|Any CPU.Build.0 = Debug|Any CPU
		{C8DD6E9E-DF96-4672-9C68-11910B09DCE9}.Release|Any CPU.ActiveCfg = Release|Any CPU
		{C8DD6E9E-DF96-4672-9C68-11910B09DCE9}.Release|Any CPU.Build.0 = Release|Any CPU
	EndGlobalSection
	GlobalSection(SolutionProperties) = preSolution
		HideSolutionNode = FALSE
	EndGlobalSection
	GlobalSection(ExtensibilityGlobals) = postSolution
		SolutionGuid = {D301B286-B7C1-4FB1-9CDE-214A918B6C42}
	EndGlobalSection
EndGlobal
